
Microsoft Visual Studio Solution File, Format Version 12.00
# Visual Studio 15
VisualStudioVersion = 15.0.27130.2020
MinimumVisualStudioVersion = 10.0.40219.1
Project("{FAE04EC0-301F-11D3-BF4B-00C04F79EFBC}") = "WebApiTestApp", "WebApiTestApp\WebApiTestApp.csproj", "{C16AF715-6D41-4F96-9F9A-CD105B29FCA0}"
EndProject
Global
	GlobalSection(SolutionConfigurationPlatforms) = preSolution
		Debug|Any CPU = Debug|Any CPU
		Release|Any CPU = Release|Any CPU
	EndGlobalSection
	GlobalSection(ProjectConfigurationPlatforms) = postSolution
		{C16AF715-6D41-4F96-9F9A-CD105B29FCA0}.Debug|Any CPU.ActiveCfg = Debug|Any CPU
		{C16AF715-6D41-4F96-9F9A-CD105B29FCA0}.Debug|Any CPU.Build.0 = Debug|Any CPU
		{C16AF715-6D41-4F96-9F9A-CD105B29FCA0}.Release|Any CPU.ActiveCfg = Release|Any CPU
		{C16AF715-6D41-4F96-9F9A-CD105B29FCA0}.Release|Any CPU.Build.0 = Release|Any CPU
	EndGlobalSection
	GlobalSection(SolutionProperties) = preSolution
		HideSolutionNode = FALSE
	EndGlobalSection
	GlobalSection(ExtensibilityGlobals) = postSolution
		SolutionGuid = {A03A61B7-3DAE-4F82-AF02-3C13D456AD3A}
	EndGlobalSection
EndGlobal
